
Microsoft Visual Studio Solution File, Format Version 12.00
# Visual Studio Version 17
VisualStudioVersion = 17.13.35825.156 d17.13
MinimumVisualStudioVersion = 10.0.40219.1
Project("{FAE04EC0-301F-11D3-BF4B-00C04F79EFBC}") = "AvaProj", "AvaProj\AvaProj.csproj", "{DC5842A4-1296-44E2-B79A-EC0252863F8A}"
EndProject
Global
	GlobalSection(SolutionConfigurationPlatforms) = preSolution
		Debug|Any CPU = Debug|Any CPU
		Release|Any CPU = Release|Any CPU
	EndGlobalSection
	GlobalSection(ProjectConfigurationPlatforms) = postSolution
		{DC5842A4-1296-44E2-B79A-EC0252863F8A}.Debug|Any CPU.ActiveCfg = Debug|Any CPU
		{DC5842A4-1296-44E2-B79A-EC0252863F8A}.Debug|Any CPU.Build.0 = Debug|Any CPU
		{DC5842A4-1296-44E2-B79A-EC0252863F8A}.Release|Any CPU.ActiveCfg = Release|Any CPU
		{DC5842A4-1296-44E2-B79A-EC0252863F8A}.Release|Any CPU.Build.0 = Release|Any CPU
	EndGlobalSection
	GlobalSection(SolutionProperties) = preSolution
		HideSolutionNode = FALSE
	EndGlobalSection
	GlobalSection(ExtensibilityGlobals) = postSolution
		SolutionGuid = {A92B8244-7C39-465B-8E7A-9546D80855BF}
	EndGlobalSection
EndGlobal
